// !$*UTF8*$!
{
	archiveVersion = 1;
	classes = {
	};
	objectVersion = 46;
	objects = {

/* Begin PBXBuildFile section */
		28DC14C35263AA6C79B90CA6 /* libPods-iOS_3D_RecordPath-swift.a in Frameworks */ = {isa = PBXBuildFile; fileRef = F24376B774A7B4C7FCAB521B /* libPods-iOS_3D_RecordPath-swift.a */; };
		6A7681FE1E8CEFC4004EA1F8 /* temp_2017-03-30 in Resources */ = {isa = PBXBuildFile; fileRef = 6A7681FD1E8CEFC4004EA1F8 /* temp_2017-03-30 */; };
		6A7681FF1E8CEFC4004EA1F8 /* temp_2017-03-30 in Resources */ = {isa = PBXBuildFile; fileRef = 6A7681FD1E8CEFC4004EA1F8 /* temp_2017-03-30 */; };
		6ABF93F01E34640F0021463D /* AppDelegate.swift in Sources */ = {isa = PBXBuildFile; fileRef = 6ABF93EF1E34640F0021463D /* AppDelegate.swift */; };
		6ABF93F21E34640F0021463D /* ViewController.swift in Sources */ = {isa = PBXBuildFile; fileRef = 6ABF93F11E34640F0021463D /* ViewController.swift */; };
		6ABF93F51E34640F0021463D /* Main.storyboard in Resources */ = {isa = PBXBuildFile; fileRef = 6ABF93F31E34640F0021463D /* Main.storyboard */; };
		6ABF93FA1E34640F0021463D /* LaunchScreen.storyboard in Resources */ = {isa = PBXBuildFile; fileRef = 6ABF93F81E34640F0021463D /* LaunchScreen.storyboard */; };
		6ABF94061E34A2C40021463D /* RecordViewController.swift in Sources */ = {isa = PBXBuildFile; fileRef = 6ABF94041E34A2C40021463D /* RecordViewController.swift */; };
		6ABF94071E34A2C40021463D /* DisplayViewController.swift in Sources */ = {isa = PBXBuildFile; fileRef = 6ABF94051E34A2C40021463D /* DisplayViewController.swift */; };
		6ABF94081E34A3080021463D /* FileHelper.m in Sources */ = {isa = PBXBuildFile; fileRef = 744F25931B94612D0095CB4F /* FileHelper.m */; };
		6ABF94091E34A3080021463D /* AMapRouteRecord.m in Sources */ = {isa = PBXBuildFile; fileRef = 744F25971B94612D0095CB4F /* AMapRouteRecord.m */; };
		6ABF940F1E34ABF40021463D /* StatusView.swift in Sources */ = {isa = PBXBuildFile; fileRef = 6ABF940D1E34ABF40021463D /* StatusView.swift */; };
		6ABF94101E34ABF40021463D /* TipView.swift in Sources */ = {isa = PBXBuildFile; fileRef = 6ABF940E1E34ABF40021463D /* TipView.swift */; };
		6ABF94111E34B3660021463D /* Images.xcassets in Resources */ = {isa = PBXBuildFile; fileRef = 744F25581B945F950095CB4F /* Images.xcassets */; };
		6AF14B131E2CBA47006075DF /* iOS_3D_RecordPathUITests.m in Sources */ = {isa = PBXBuildFile; fileRef = 6AF14B121E2CBA47006075DF /* iOS_3D_RecordPathUITests.m */; };
		744F254E1B945F950095CB4F /* main.m in Sources */ = {isa = PBXBuildFile; fileRef = 744F254D1B945F950095CB4F /* main.m */; };
		744F25511B945F950095CB4F /* AppDelegate.m in Sources */ = {isa = PBXBuildFile; fileRef = 744F25501B945F950095CB4F /* AppDelegate.m */; };
		744F25591B945F950095CB4F /* Images.xcassets in Resources */ = {isa = PBXBuildFile; fileRef = 744F25581B945F950095CB4F /* Images.xcassets */; };
		744F255C1B945F950095CB4F /* LaunchScreen.xib in Resources */ = {isa = PBXBuildFile; fileRef = 744F255A1B945F950095CB4F /* LaunchScreen.xib */; };
		744F258E1B9461210095CB4F /* DisplayViewController.m in Sources */ = {isa = PBXBuildFile; fileRef = 744F25891B9461210095CB4F /* DisplayViewController.m */; };
		744F258F1B9461210095CB4F /* MainViewController.m in Sources */ = {isa = PBXBuildFile; fileRef = 744F258B1B9461210095CB4F /* MainViewController.m */; };
		744F25901B9461210095CB4F /* RecordViewController.m in Sources */ = {isa = PBXBuildFile; fileRef = 744F258D1B9461210095CB4F /* RecordViewController.m */; };
		744F25A51B94612D0095CB4F /* FileHelper.m in Sources */ = {isa = PBXBuildFile; fileRef = 744F25931B94612D0095CB4F /* FileHelper.m */; };
		744F25A71B94612D0095CB4F /* AMapRouteRecord.m in Sources */ = {isa = PBXBuildFile; fileRef = 744F25971B94612D0095CB4F /* AMapRouteRecord.m */; };
		744F25A81B94612D0095CB4F /* SystemInfo.m in Sources */ = {isa = PBXBuildFile; fileRef = 744F25991B94612D0095CB4F /* SystemInfo.m */; };
		744F25AB1B94612D0095CB4F /* StatusView.m in Sources */ = {isa = PBXBuildFile; fileRef = 744F25A01B94612D0095CB4F /* StatusView.m */; };
		744F25AC1B94612D0095CB4F /* SystemInfoView.m in Sources */ = {isa = PBXBuildFile; fileRef = 744F25A21B94612D0095CB4F /* SystemInfoView.m */; };
		744F25AD1B94612D0095CB4F /* TipView.m in Sources */ = {isa = PBXBuildFile; fileRef = 744F25A41B94612D0095CB4F /* TipView.m */; };
		A4FC031F18B21F92560D7ED6 /* libPods-iOS_3D_RecordPath.a in Frameworks */ = {isa = PBXBuildFile; fileRef = 9148D4E5E53B183BB90FE701 /* libPods-iOS_3D_RecordPath.a */; };
/* End PBXBuildFile section */

/* Begin PBXContainerItemProxy section */
		6AF14B151E2CBA47006075DF /* PBXContainerItemProxy */ = {
			isa = PBXContainerItemProxy;
			containerPortal = 744F25401B945F950095CB4F /* Project object */;
			proxyType = 1;
			remoteGlobalIDString = 744F25471B945F950095CB4F;
			remoteInfo = iOS_3D_RecordPath;
		};
/* End PBXContainerItemProxy section */

/* Begin PBXFileReference section */
		6A7681FD1E8CEFC4004EA1F8 /* temp_2017-03-30 */ = {isa = PBXFileReference; lastKnownFileType = file.bplist; path = "temp_2017-03-30"; sourceTree = "<group>"; };
		6ABF93ED1E34640F0021463D /* iOS_3D_RecordPath-swift.app */ = {isa = PBXFileReference; explicitFileType = wrapper.application; includeInIndex = 0; path = "iOS_3D_RecordPath-swift.app"; sourceTree = BUILT_PRODUCTS_DIR; };
		6ABF93EF1E34640F0021463D /* AppDelegate.swift */ = {isa = PBXFileReference; lastKnownFileType = sourcecode.swift; path = AppDelegate.swift; sourceTree = "<group>"; };
		6ABF93F11E34640F0021463D /* ViewController.swift */ = {isa = PBXFileReference; lastKnownFileType = sourcecode.swift; path = ViewController.swift; sourceTree = "<group>"; };
		6ABF93F41E34640F0021463D /* Base */ = {isa = PBXFileReference; lastKnownFileType = file.storyboard; name = Base; path = Base.lproj/Main.storyboard; sourceTree = "<group>"; };
		6ABF93F91E34640F0021463D /* Base */ = {isa = PBXFileReference; lastKnownFileType = file.storyboard; name = Base; path = Base.lproj/LaunchScreen.storyboard; sourceTree = "<group>"; };
		6ABF93FB1E34640F0021463D /* Info.plist */ = {isa = PBXFileReference; lastKnownFileType = text.plist.xml; path = Info.plist; sourceTree = "<group>"; };
		6ABF93FF1E3464990021463D /* Swift-Bridging-Header.h */ = {isa = PBXFileReference; fileEncoding = 4; lastKnownFileType = sourcecode.c.h; path = "Swift-Bridging-Header.h"; sourceTree = "<group>"; };
		6ABF94041E34A2C40021463D /* RecordViewController.swift */ = {isa = PBXFileReference; fileEncoding = 4; lastKnownFileType = sourcecode.swift; path = RecordViewController.swift; sourceTree = "<group>"; };
		6ABF94051E34A2C40021463D /* DisplayViewController.swift */ = {isa = PBXFileReference; fileEncoding = 4; lastKnownFileType = sourcecode.swift; path = DisplayViewController.swift; sourceTree = "<group>"; };
		6ABF940D1E34ABF40021463D /* StatusView.swift */ = {isa = PBXFileReference; fileEncoding = 4; lastKnownFileType = sourcecode.swift; path = StatusView.swift; sourceTree = "<group>"; };
		6ABF940E1E34ABF40021463D /* TipView.swift */ = {isa = PBXFileReference; fileEncoding = 4; lastKnownFileType = sourcecode.swift; path = TipView.swift; sourceTree = "<group>"; };
		6AF14B101E2CBA47006075DF /* iOS_3D_RecordPathUITests.xctest */ = {isa = PBXFileReference; explicitFileType = wrapper.cfbundle; includeInIndex = 0; path = iOS_3D_RecordPathUITests.xctest; sourceTree = BUILT_PRODUCTS_DIR; };
		6AF14B121E2CBA47006075DF /* iOS_3D_RecordPathUITests.m */ = {isa = PBXFileReference; lastKnownFileType = sourcecode.c.objc; path = iOS_3D_RecordPathUITests.m; sourceTree = "<group>"; };
		6AF14B141E2CBA47006075DF /* Info.plist */ = {isa = PBXFileReference; lastKnownFileType = text.plist.xml; path = Info.plist; sourceTree = "<group>"; };
		744F25481B945F950095CB4F /* iOS_3D_RecordPath.app */ = {isa = PBXFileReference; explicitFileType = wrapper.application; includeInIndex = 0; path = iOS_3D_RecordPath.app; sourceTree = BUILT_PRODUCTS_DIR; };
		744F254C1B945F950095CB4F /* Info.plist */ = {isa = PBXFileReference; lastKnownFileType = text.plist.xml; path = Info.plist; sourceTree = "<group>"; };
		744F254D1B945F950095CB4F /* main.m */ = {isa = PBXFileReference; lastKnownFileType = sourcecode.c.objc; path = main.m; sourceTree = "<group>"; };
		744F254F1B945F950095CB4F /* AppDelegate.h */ = {isa = PBXFileReference; lastKnownFileType = sourcecode.c.h; path = AppDelegate.h; sourceTree = "<group>"; };
		744F25501B945F950095CB4F /* AppDelegate.m */ = {isa = PBXFileReference; lastKnownFileType = sourcecode.c.objc; path = AppDelegate.m; sourceTree = "<group>"; };
		744F25581B945F950095CB4F /* Images.xcassets */ = {isa = PBXFileReference; lastKnownFileType = folder.assetcatalog; path = Images.xcassets; sourceTree = "<group>"; };
		744F255B1B945F950095CB4F /* Base */ = {isa = PBXFileReference; lastKnownFileType = file.xib; name = Base; path = Base.lproj/LaunchScreen.xib; sourceTree = "<group>"; };
		744F25881B9461210095CB4F /* DisplayViewController.h */ = {isa = PBXFileReference; fileEncoding = 4; lastKnownFileType = sourcecode.c.h; path = DisplayViewController.h; sourceTree = "<group>"; };
		744F25891B9461210095CB4F /* DisplayViewController.m */ = {isa = PBXFileReference; fileEncoding = 4; lastKnownFileType = sourcecode.c.objc; path = DisplayViewController.m; sourceTree = "<group>"; };
		744F258A1B9461210095CB4F /* MainViewController.h */ = {isa = PBXFileReference; fileEncoding = 4; lastKnownFileType = sourcecode.c.h; path = MainViewController.h; sourceTree = "<group>"; };
		744F258B1B9461210095CB4F /* MainViewController.m */ = {isa = PBXFileReference; fileEncoding = 4; lastKnownFileType = sourcecode.c.objc; path = MainViewController.m; sourceTree = "<group>"; };
		744F258C1B9461210095CB4F /* RecordViewController.h */ = {isa = PBXFileReference; fileEncoding = 4; lastKnownFileType = sourcecode.c.h; path = RecordViewController.h; sourceTree = "<group>"; };
		744F258D1B9461210095CB4F /* RecordViewController.m */ = {isa = PBXFileReference; fileEncoding = 4; lastKnownFileType = sourcecode.c.objc; path = RecordViewController.m; sourceTree = "<group>"; };
		744F25921B94612D0095CB4F /* FileHelper.h */ = {isa = PBXFileReference; fileEncoding = 4; lastKnownFileType = sourcecode.c.h; path = FileHelper.h; sourceTree = "<group>"; };
		744F25931B94612D0095CB4F /* FileHelper.m */ = {isa = PBXFileReference; fileEncoding = 4; lastKnownFileType = sourcecode.c.objc; path = FileHelper.m; sourceTree = "<group>"; };
		744F25961B94612D0095CB4F /* AMapRouteRecord.h */ = {isa = PBXFileReference; fileEncoding = 4; lastKnownFileType = sourcecode.c.h; path = AMapRouteRecord.h; sourceTree = "<group>"; };
		744F25971B94612D0095CB4F /* AMapRouteRecord.m */ = {isa = PBXFileReference; fileEncoding = 4; lastKnownFileType = sourcecode.c.objc; path = AMapRouteRecord.m; sourceTree = "<group>"; };
		744F25981B94612D0095CB4F /* SystemInfo.h */ = {isa = PBXFileReference; fileEncoding = 4; lastKnownFileType = sourcecode.c.h; path = SystemInfo.h; sourceTree = "<group>"; };
		744F25991B94612D0095CB4F /* SystemInfo.m */ = {isa = PBXFileReference; fileEncoding = 4; lastKnownFileType = sourcecode.c.objc; path = SystemInfo.m; sourceTree = "<group>"; };
		744F259F1B94612D0095CB4F /* StatusView.h */ = {isa = PBXFileReference; fileEncoding = 4; lastKnownFileType = sourcecode.c.h; path = StatusView.h; sourceTree = "<group>"; };
		744F25A01B94612D0095CB4F /* StatusView.m */ = {isa = PBXFileReference; fileEncoding = 4; lastKnownFileType = sourcecode.c.objc; path = StatusView.m; sourceTree = "<group>"; };
		744F25A11B94612D0095CB4F /* SystemInfoView.h */ = {isa = PBXFileReference; fileEncoding = 4; lastKnownFileType = sourcecode.c.h; path = SystemInfoView.h; sourceTree = "<group>"; };
		744F25A21B94612D0095CB4F /* SystemInfoView.m */ = {isa = PBXFileReference; fileEncoding = 4; lastKnownFileType = sourcecode.c.objc; path = SystemInfoView.m; sourceTree = "<group>"; };
		744F25A31B94612D0095CB4F /* TipView.h */ = {isa = PBXFileReference; fileEncoding = 4; lastKnownFileType = sourcecode.c.h; path = TipView.h; sourceTree = "<group>"; };
		744F25A41B94612D0095CB4F /* TipView.m */ = {isa = PBXFileReference; fileEncoding = 4; lastKnownFileType = sourcecode.c.objc; path = TipView.m; sourceTree = "<group>"; };
		744F25B31B9461CF0095CB4F /* APIKey.h */ = {isa = PBXFileReference; fileEncoding = 4; lastKnownFileType = sourcecode.c.h; path = APIKey.h; sourceTree = "<group>"; };
		755159277D0292EBAE1CDE5A /* Pods-iOS_3D_RecordPath-swift.debug.xcconfig */ = {isa = PBXFileReference; includeInIndex = 1; lastKnownFileType = text.xcconfig; name = "Pods-iOS_3D_RecordPath-swift.debug.xcconfig"; path = "Pods/Target Support Files/Pods-iOS_3D_RecordPath-swift/Pods-iOS_3D_RecordPath-swift.debug.xcconfig"; sourceTree = "<group>"; };
		9148D4E5E53B183BB90FE701 /* libPods-iOS_3D_RecordPath.a */ = {isa = PBXFileReference; explicitFileType = archive.ar; includeInIndex = 0; path = "libPods-iOS_3D_RecordPath.a"; sourceTree = BUILT_PRODUCTS_DIR; };
		B9AA142133BBB20AC8299981 /* Pods-iOS_3D_RecordPath.release.xcconfig */ = {isa = PBXFileReference; includeInIndex = 1; lastKnownFileType = text.xcconfig; name = "Pods-iOS_3D_RecordPath.release.xcconfig"; path = "Pods/Target Support Files/Pods-iOS_3D_RecordPath/Pods-iOS_3D_RecordPath.release.xcconfig"; sourceTree = "<group>"; };
		CBAA041623C104E229479B3B /* Pods-iOS_3D_RecordPath-swift.release.xcconfig */ = {isa = PBXFileReference; includeInIndex = 1; lastKnownFileType = text.xcconfig; name = "Pods-iOS_3D_RecordPath-swift.release.xcconfig"; path = "Pods/Target Support Files/Pods-iOS_3D_RecordPath-swift/Pods-iOS_3D_RecordPath-swift.release.xcconfig"; sourceTree = "<group>"; };
		E710F864F98182D3E2DCDB7B /* Pods-iOS_3D_RecordPath.debug.xcconfig */ = {isa = PBXFileReference; includeInIndex = 1; lastKnownFileType = text.xcconfig; name = "Pods-iOS_3D_RecordPath.debug.xcconfig"; path = "Pods/Target Support Files/Pods-iOS_3D_RecordPath/Pods-iOS_3D_RecordPath.debug.xcconfig"; sourceTree = "<group>"; };
		F24376B774A7B4C7FCAB521B /* libPods-iOS_3D_RecordPath-swift.a */ = {isa = PBXFileReference; explicitFileType = archive.ar; includeInIndex = 0; path = "libPods-iOS_3D_RecordPath-swift.a"; sourceTree = BUILT_PRODUCTS_DIR; };
/* End PBXFileReference section */

/* Begin PBXFrameworksBuildPhase section */
		6ABF93EA1E34640F0021463D /* Frameworks */ = {
			isa = PBXFrameworksBuildPhase;
			buildActionMask = 2147483647;
			files = (
				28DC14C35263AA6C79B90CA6 /* libPods-iOS_3D_RecordPath-swift.a in Frameworks */,
			);
			runOnlyForDeploymentPostprocessing = 0;
		};
		6AF14B0D1E2CBA47006075DF /* Frameworks */ = {
			isa = PBXFrameworksBuildPhase;
			buildActionMask = 2147483647;
			files = (
			);
			runOnlyForDeploymentPostprocessing = 0;
		};
		744F25451B945F950095CB4F /* Frameworks */ = {
			isa = PBXFrameworksBuildPhase;
			buildActionMask = 2147483647;
			files = (
				A4FC031F18B21F92560D7ED6 /* libPods-iOS_3D_RecordPath.a in Frameworks */,
			);
			runOnlyForDeploymentPostprocessing = 0;
		};
/* End PBXFrameworksBuildPhase section */

/* Begin PBXGroup section */
		23139EFBB1B9D9D24CB9431A /* Pods */ = {
			isa = PBXGroup;
			children = (
				E710F864F98182D3E2DCDB7B /* Pods-iOS_3D_RecordPath.debug.xcconfig */,
				B9AA142133BBB20AC8299981 /* Pods-iOS_3D_RecordPath.release.xcconfig */,
				755159277D0292EBAE1CDE5A /* Pods-iOS_3D_RecordPath-swift.debug.xcconfig */,
				CBAA041623C104E229479B3B /* Pods-iOS_3D_RecordPath-swift.release.xcconfig */,
			);
			name = Pods;
			sourceTree = "<group>";
		};
		6ABF93EE1E34640F0021463D /* iOS_3D_RecordPath-swift */ = {
			isa = PBXGroup;
			children = (
				6ABF940D1E34ABF40021463D /* StatusView.swift */,
				6ABF940E1E34ABF40021463D /* TipView.swift */,
				6ABF93EF1E34640F0021463D /* AppDelegate.swift */,
				6ABF93F11E34640F0021463D /* ViewController.swift */,
				6ABF94041E34A2C40021463D /* RecordViewController.swift */,
				6ABF94051E34A2C40021463D /* DisplayViewController.swift */,
				6ABF93FF1E3464990021463D /* Swift-Bridging-Header.h */,
				6ABF93F31E34640F0021463D /* Main.storyboard */,
				6ABF93F81E34640F0021463D /* LaunchScreen.storyboard */,
				6ABF93FB1E34640F0021463D /* Info.plist */,
			);
			path = "iOS_3D_RecordPath-swift";
			sourceTree = "<group>";
		};
		6AF14B111E2CBA47006075DF /* iOS_3D_RecordPathUITests */ = {
			isa = PBXGroup;
			children = (
				6AF14B121E2CBA47006075DF /* iOS_3D_RecordPathUITests.m */,
				6AF14B141E2CBA47006075DF /* Info.plist */,
			);
			path = iOS_3D_RecordPathUITests;
			sourceTree = "<group>";
		};
		744F253F1B945F950095CB4F = {
			isa = PBXGroup;
			children = (
				744F254A1B945F950095CB4F /* iOS_3D_RecordPath */,
				6AF14B111E2CBA47006075DF /* iOS_3D_RecordPathUITests */,
				6ABF93EE1E34640F0021463D /* iOS_3D_RecordPath-swift */,
				744F25491B945F950095CB4F /* Products */,
				23139EFBB1B9D9D24CB9431A /* Pods */,
				F792F5A57857337DB2FD7B35 /* Frameworks */,
			);
			sourceTree = "<group>";
		};
		744F25491B945F950095CB4F /* Products */ = {
			isa = PBXGroup;
			children = (
				744F25481B945F950095CB4F /* iOS_3D_RecordPath.app */,
				6AF14B101E2CBA47006075DF /* iOS_3D_RecordPathUITests.xctest */,
				6ABF93ED1E34640F0021463D /* iOS_3D_RecordPath-swift.app */,
			);
			name = Products;
			sourceTree = "<group>";
		};
		744F254A1B945F950095CB4F /* iOS_3D_RecordPath */ = {
			isa = PBXGroup;
			children = (
				744F25871B9461210095CB4F /* Controller */,
				744F25911B94612D0095CB4F /* Model */,
				744F259A1B94612D0095CB4F /* View */,
				744F25B21B9461CF0095CB4F /* Configuration */,
				744F25581B945F950095CB4F /* Images.xcassets */,
				6A7681FD1E8CEFC4004EA1F8 /* temp_2017-03-30 */,
				744F255A1B945F950095CB4F /* LaunchScreen.xib */,
				744F254B1B945F950095CB4F /* Supporting Files */,
			);
			path = iOS_3D_RecordPath;
			sourceTree = "<group>";
		};
		744F254B1B945F950095CB4F /* Supporting Files */ = {
			isa = PBXGroup;
			children = (
				744F254F1B945F950095CB4F /* AppDelegate.h */,
				744F25501B945F950095CB4F /* AppDelegate.m */,
				744F254C1B945F950095CB4F /* Info.plist */,
				744F254D1B945F950095CB4F /* main.m */,
			);
			name = "Supporting Files";
			sourceTree = "<group>";
		};
		744F25871B9461210095CB4F /* Controller */ = {
			isa = PBXGroup;
			children = (
				744F25881B9461210095CB4F /* DisplayViewController.h */,
				744F25891B9461210095CB4F /* DisplayViewController.m */,
				744F258A1B9461210095CB4F /* MainViewController.h */,
				744F258B1B9461210095CB4F /* MainViewController.m */,
				744F258C1B9461210095CB4F /* RecordViewController.h */,
				744F258D1B9461210095CB4F /* RecordViewController.m */,
			);
			path = Controller;
			sourceTree = "<group>";
		};
		744F25911B94612D0095CB4F /* Model */ = {
			isa = PBXGroup;
			children = (
				744F25921B94612D0095CB4F /* FileHelper.h */,
				744F25931B94612D0095CB4F /* FileHelper.m */,
				744F25961B94612D0095CB4F /* AMapRouteRecord.h */,
				744F25971B94612D0095CB4F /* AMapRouteRecord.m */,
				744F25981B94612D0095CB4F /* SystemInfo.h */,
				744F25991B94612D0095CB4F /* SystemInfo.m */,
			);
			path = Model;
			sourceTree = "<group>";
		};
		744F259A1B94612D0095CB4F /* View */ = {
			isa = PBXGroup;
			children = (
				744F259F1B94612D0095CB4F /* StatusView.h */,
				744F25A01B94612D0095CB4F /* StatusView.m */,
				744F25A11B94612D0095CB4F /* SystemInfoView.h */,
				744F25A21B94612D0095CB4F /* SystemInfoView.m */,
				744F25A31B94612D0095CB4F /* TipView.h */,
				744F25A41B94612D0095CB4F /* TipView.m */,
			);
			path = View;
			sourceTree = "<group>";
		};
		744F25B21B9461CF0095CB4F /* Configuration */ = {
			isa = PBXGroup;
			children = (
				744F25B31B9461CF0095CB4F /* APIKey.h */,
			);
			path = Configuration;
			sourceTree = "<group>";
		};
		F792F5A57857337DB2FD7B35 /* Frameworks */ = {
			isa = PBXGroup;
			children = (
				9148D4E5E53B183BB90FE701 /* libPods-iOS_3D_RecordPath.a */,
				F24376B774A7B4C7FCAB521B /* libPods-iOS_3D_RecordPath-swift.a */,
			);
			name = Frameworks;
			sourceTree = "<group>";
		};
/* End PBXGroup section */

/* Begin PBXNativeTarget section */
		6ABF93EC1E34640F0021463D /* iOS_3D_RecordPath-swift */ = {
			isa = PBXNativeTarget;
			buildConfigurationList = 6ABF93FE1E34640F0021463D /* Build configuration list for PBXNativeTarget "iOS_3D_RecordPath-swift" */;
			buildPhases = (
				2CAA17224F5D0F2D066B8987 /* [CP] Check Pods Manifest.lock */,
				6ABF93E91E34640F0021463D /* Sources */,
				6ABF93EA1E34640F0021463D /* Frameworks */,
				6ABF93EB1E34640F0021463D /* Resources */,
				74991D91AC4F65C8508A50EC /* [CP] Copy Pods Resources */,
			);
			buildRules = (
			);
			dependencies = (
			);
			name = "iOS_3D_RecordPath-swift";
			productName = "iOS_3D_RecordPath-swift";
			productReference = 6ABF93ED1E34640F0021463D /* iOS_3D_RecordPath-swift.app */;
			productType = "com.apple.product-type.application";
		};
		6AF14B0F1E2CBA47006075DF /* iOS_3D_RecordPathUITests */ = {
			isa = PBXNativeTarget;
			buildConfigurationList = 6AF14B171E2CBA47006075DF /* Build configuration list for PBXNativeTarget "iOS_3D_RecordPathUITests" */;
			buildPhases = (
				6AF14B0C1E2CBA47006075DF /* Sources */,
				6AF14B0D1E2CBA47006075DF /* Frameworks */,
				6AF14B0E1E2CBA47006075DF /* Resources */,
			);
			buildRules = (
			);
			dependencies = (
				6AF14B161E2CBA47006075DF /* PBXTargetDependency */,
			);
			name = iOS_3D_RecordPathUITests;
			productName = iOS_3D_RecordPathUITests;
			productReference = 6AF14B101E2CBA47006075DF /* iOS_3D_RecordPathUITests.xctest */;
			productType = "com.apple.product-type.bundle.ui-testing";
		};
		744F25471B945F950095CB4F /* iOS_3D_RecordPath */ = {
			isa = PBXNativeTarget;
			buildConfigurationList = 744F256B1B945F950095CB4F /* Build configuration list for PBXNativeTarget "iOS_3D_RecordPath" */;
			buildPhases = (
				1F4A8B830B479444DF6999B4 /* [CP] Check Pods Manifest.lock */,
				744F25441B945F950095CB4F /* Sources */,
				744F25451B945F950095CB4F /* Frameworks */,
				744F25461B945F950095CB4F /* Resources */,
				46D855950C3B2E147805F8F1 /* [CP] Copy Pods Resources */,
			);
			buildRules = (
			);
			dependencies = (
			);
			name = iOS_3D_RecordPath;
			productName = iOS_3D_RecordPath;
			productReference = 744F25481B945F950095CB4F /* iOS_3D_RecordPath.app */;
			productType = "com.apple.product-type.application";
		};
/* End PBXNativeTarget section */

/* Begin PBXProject section */
		744F25401B945F950095CB4F /* Project object */ = {
			isa = PBXProject;
			attributes = {
				LastSwiftUpdateCheck = 0820;
				LastUpgradeCheck = 0800;
				ORGANIZATIONNAME = FENGSHENG;
				TargetAttributes = {
					6ABF93EC1E34640F0021463D = {
						CreatedOnToolsVersion = 8.2.1;
						DevelopmentTeam = YMJ372W38W;
						ProvisioningStyle = Manual;
						SystemCapabilities = {
							com.apple.BackgroundModes = {
								enabled = 1;
							};
						};
					};
					6AF14B0F1E2CBA47006075DF = {
						CreatedOnToolsVersion = 8.2.1;
						DevelopmentTeam = YMJ372W38W;
						ProvisioningStyle = Manual;
						TestTargetID = 744F25471B945F950095CB4F;
					};
					744F25471B945F950095CB4F = {
						CreatedOnToolsVersion = 6.4;
						DevelopmentTeam = YMJ372W38W;
						ProvisioningStyle = Manual;
						SystemCapabilities = {
							com.apple.BackgroundModes = {
								enabled = 1;
							};
						};
					};
				};
			};
			buildConfigurationList = 744F25431B945F950095CB4F /* Build configuration list for PBXProject "iOS_3D_RecordPath" */;
			compatibilityVersion = "Xcode 3.2";
			developmentRegion = English;
			hasScannedForEncodings = 0;
			knownRegions = (
				English,
				en,
				Base,
			);
			mainGroup = 744F253F1B945F950095CB4F;
			productRefGroup = 744F25491B945F950095CB4F /* Products */;
			projectDirPath = "";
			projectRoot = "";
			targets = (
				744F25471B945F950095CB4F /* iOS_3D_RecordPath */,
				6ABF93EC1E34640F0021463D /* iOS_3D_RecordPath-swift */,
				6AF14B0F1E2CBA47006075DF /* iOS_3D_RecordPathUITests */,
			);
		};
/* End PBXProject section */

/* Begin PBXResourcesBuildPhase section */
		6ABF93EB1E34640F0021463D /* Resources */ = {
			isa = PBXResourcesBuildPhase;
			buildActionMask = 2147483647;
			files = (
				6ABF93FA1E34640F0021463D /* LaunchScreen.storyboard in Resources */,
				6ABF94111E34B3660021463D /* Images.xcassets in Resources */,
				6A7681FF1E8CEFC4004EA1F8 /* temp_2017-03-30 in Resources */,
				6ABF93F51E34640F0021463D /* Main.storyboard in Resources */,
			);
			runOnlyForDeploymentPostprocessing = 0;
		};
		6AF14B0E1E2CBA47006075DF /* Resources */ = {
			isa = PBXResourcesBuildPhase;
			buildActionMask = 2147483647;
			files = (
			);
			runOnlyForDeploymentPostprocessing = 0;
		};
		744F25461B945F950095CB4F /* Resources */ = {
			isa = PBXResourcesBuildPhase;
			buildActionMask = 2147483647;
			files = (
				744F255C1B945F950095CB4F /* LaunchScreen.xib in Resources */,
				744F25591B945F950095CB4F /* Images.xcassets in Resources */,
				6A7681FE1E8CEFC4004EA1F8 /* temp_2017-03-30 in Resources */,
			);
			runOnlyForDeploymentPostprocessing = 0;
		};
/* End PBXResourcesBuildPhase section */

/* Begin PBXShellScriptBuildPhase section */
		1F4A8B830B479444DF6999B4 /* [CP] Check Pods Manifest.lock */ = {
			isa = PBXShellScriptBuildPhase;
			buildActionMask = 2147483647;
			files = (
			);
			inputPaths = (
				"${PODS_PODFILE_DIR_PATH}/Podfile.lock",
				"${PODS_ROOT}/Manifest.lock",
			);
			name = "[CP] Check Pods Manifest.lock";
			outputPaths = (
				"$(DERIVED_FILE_DIR)/Pods-iOS_3D_RecordPath-checkManifestLockResult.txt",
			);
			runOnlyForDeploymentPostprocessing = 0;
			shellPath = /bin/sh;
			shellScript = "diff \"${PODS_PODFILE_DIR_PATH}/Podfile.lock\" \"${PODS_ROOT}/Manifest.lock\" > /dev/null\nif [ $? != 0 ] ; then\n    # print error to STDERR\n    echo \"error: The sandbox is not in sync with the Podfile.lock. Run 'pod install' or update your CocoaPods installation.\" >&2\n    exit 1\nfi\n# This output is used by Xcode 'outputs' to avoid re-running this script phase.\necho \"SUCCESS\" > \"${SCRIPT_OUTPUT_FILE_0}\"\n";
			showEnvVarsInLog = 0;
		};
		2CAA17224F5D0F2D066B8987 /* [CP] Check Pods Manifest.lock */ = {
			isa = PBXShellScriptBuildPhase;
			buildActionMask = 2147483647;
			files = (
			);
			inputPaths = (
				"${PODS_PODFILE_DIR_PATH}/Podfile.lock",
				"${PODS_ROOT}/Manifest.lock",
			);
			name = "[CP] Check Pods Manifest.lock";
			outputPaths = (
				"$(DERIVED_FILE_DIR)/Pods-iOS_3D_RecordPath-swift-checkManifestLockResult.txt",
			);
			runOnlyForDeploymentPostprocessing = 0;
			shellPath = /bin/sh;
			shellScript = "diff \"${PODS_PODFILE_DIR_PATH}/Podfile.lock\" \"${PODS_ROOT}/Manifest.lock\" > /dev/null\nif [ $? != 0 ] ; then\n    # print error to STDERR\n    echo \"error: The sandbox is not in sync with the Podfile.lock. Run 'pod install' or update your CocoaPods installation.\" >&2\n    exit 1\nfi\n# This output is used by Xcode 'outputs' to avoid re-running this script phase.\necho \"SUCCESS\" > \"${SCRIPT_OUTPUT_FILE_0}\"\n";
			showEnvVarsInLog = 0;
		};
		46D855950C3B2E147805F8F1 /* [CP] Copy Pods Resources */ = {
			isa = PBXShellScriptBuildPhase;
			buildActionMask = 2147483647;
			files = (
			);
			inputPaths = (
				"${PODS_ROOT}/Target Support Files/Pods-iOS_3D_RecordPath/Pods-iOS_3D_RecordPath-resources.sh",
				"${PODS_ROOT}/AMap3DMap/MAMapKit.framework/AMap.bundle",
			);
			name = "[CP] Copy Pods Resources";
			outputPaths = (
				"${TARGET_BUILD_DIR}/${UNLOCALIZED_RESOURCES_FOLDER_PATH}/AMap.bundle",
			);
			runOnlyForDeploymentPostprocessing = 0;
			shellPath = /bin/sh;
			shellScript = "\"${PODS_ROOT}/Target Support Files/Pods-iOS_3D_RecordPath/Pods-iOS_3D_RecordPath-resources.sh\"\n";
			showEnvVarsInLog = 0;
		};
		74991D91AC4F65C8508A50EC /* [CP] Copy Pods Resources */ = {
			isa = PBXShellScriptBuildPhase;
			buildActionMask = 2147483647;
			files = (
			);
			inputPaths = (
				"${PODS_ROOT}/Target Support Files/Pods-iOS_3D_RecordPath-swift/Pods-iOS_3D_RecordPath-swift-resources.sh",
				"${PODS_ROOT}/AMap3DMap/MAMapKit.framework/AMap.bundle",
			);
			name = "[CP] Copy Pods Resources";
			outputPaths = (
				"${TARGET_BUILD_DIR}/${UNLOCALIZED_RESOURCES_FOLDER_PATH}/AMap.bundle",
			);
			runOnlyForDeploymentPostprocessing = 0;
			shellPath = /bin/sh;
			shellScript = "\"${PODS_ROOT}/Target Support Files/Pods-iOS_3D_RecordPath-swift/Pods-iOS_3D_RecordPath-swift-resources.sh\"\n";
			showEnvVarsInLog = 0;
		};
/* End PBXShellScriptBuildPhase section */

/* Begin PBXSourcesBuildPhase section */
		6ABF93E91E34640F0021463D /* Sources */ = {
			isa = PBXSourcesBuildPhase;
			buildActionMask = 2147483647;
			files = (
				6ABF94081E34A3080021463D /* FileHelper.m in Sources */,
				6ABF94091E34A3080021463D /* AMapRouteRecord.m in Sources */,
				6ABF94101E34ABF40021463D /* TipView.swift in Sources */,
				6ABF940F1E34ABF40021463D /* StatusView.swift in Sources */,
				6ABF94061E34A2C40021463D /* RecordViewController.swift in Sources */,
				6ABF93F21E34640F0021463D /* ViewController.swift in Sources */,
				6ABF93F01E34640F0021463D /* AppDelegate.swift in Sources */,
				6ABF94071E34A2C40021463D /* DisplayViewController.swift in Sources */,
			);
			runOnlyForDeploymentPostprocessing = 0;
		};
		6AF14B0C1E2CBA47006075DF /* Sources */ = {
			isa = PBXSourcesBuildPhase;
			buildActionMask = 2147483647;
			files = (
				6AF14B131E2CBA47006075DF /* iOS_3D_RecordPathUITests.m in Sources */,
			);
			runOnlyForDeploymentPostprocessing = 0;
		};
		744F25441B945F950095CB4F /* Sources */ = {
			isa = PBXSourcesBuildPhase;
			buildActionMask = 2147483647;
			files = (
				744F25511B945F950095CB4F /* AppDelegate.m in Sources */,
				744F25A81B94612D0095CB4F /* SystemInfo.m in Sources */,
				744F25AB1B94612D0095CB4F /* StatusView.m in Sources */,
				744F258E1B9461210095CB4F /* DisplayViewController.m in Sources */,
				744F25AD1B94612D0095CB4F /* TipView.m in Sources */,
				744F25A71B94612D0095CB4F /* AMapRouteRecord.m in Sources */,
				744F254E1B945F950095CB4F /* main.m in Sources */,
				744F258F1B9461210095CB4F /* MainViewController.m in Sources */,
				744F25901B9461210095CB4F /* RecordViewController.m in Sources */,
				744F25AC1B94612D0095CB4F /* SystemInfoView.m in Sources */,
				744F25A51B94612D0095CB4F /* FileHelper.m in Sources */,
			);
			runOnlyForDeploymentPostprocessing = 0;
		};
/* End PBXSourcesBuildPhase section */

/* Begin PBXTargetDependency section */
		6AF14B161E2CBA47006075DF /* PBXTargetDependency */ = {
			isa = PBXTargetDependency;
			target = 744F25471B945F950095CB4F /* iOS_3D_RecordPath */;
			targetProxy = 6AF14B151E2CBA47006075DF /* PBXContainerItemProxy */;
		};
/* End PBXTargetDependency section */

/* Begin PBXVariantGroup section */
		6ABF93F31E34640F0021463D /* Main.storyboard */ = {
			isa = PBXVariantGroup;
			children = (
				6ABF93F41E34640F0021463D /* Base */,
			);
			name = Main.storyboard;
			sourceTree = "<group>";
		};
		6ABF93F81E34640F0021463D /* LaunchScreen.storyboard */ = {
			isa = PBXVariantGroup;
			children = (
				6ABF93F91E34640F0021463D /* Base */,
			);
			name = LaunchScreen.storyboard;
			sourceTree = "<group>";
		};
		744F255A1B945F950095CB4F /* LaunchScreen.xib */ = {
			isa = PBXVariantGroup;
			children = (
				744F255B1B945F950095CB4F /* Base */,
			);
			name = LaunchScreen.xib;
			sourceTree = "<group>";
		};
/* End PBXVariantGroup section */

/* Begin XCBuildConfiguration section */
		6ABF93FC1E34640F0021463D /* Debug */ = {
			isa = XCBuildConfiguration;
			baseConfigurationReference = 755159277D0292EBAE1CDE5A /* Pods-iOS_3D_RecordPath-swift.debug.xcconfig */;
			buildSettings = {
				ASSETCATALOG_COMPILER_APPICON_NAME = AppIcon;
				CLANG_ANALYZER_NONNULL = YES;
				CLANG_WARN_DOCUMENTATION_COMMENTS = YES;
				DEBUG_INFORMATION_FORMAT = dwarf;
				DEVELOPMENT_TEAM = YMJ372W38W;
				INFOPLIST_FILE = "iOS_3D_RecordPath-swift/Info.plist";
				IPHONEOS_DEPLOYMENT_TARGET = 8.0;
				LD_RUNPATH_SEARCH_PATHS = "$(inherited) @executable_path/Frameworks";
				PRODUCT_BUNDLE_IDENTIFIER = "com.autonavi.iOS-3D-RecordPath";
				PRODUCT_NAME = "$(TARGET_NAME)";
				PROVISIONING_PROFILE = "9b821a78-8ad6-4cf7-b6b0-31b43df04bbe";
				PROVISIONING_PROFILE_SPECIFIER = openPlatform_development;
				SWIFT_ACTIVE_COMPILATION_CONDITIONS = DEBUG;
				SWIFT_OBJC_BRIDGING_HEADER = "$(TARGET_NAME)/Swift-Bridging-Header.h";
				SWIFT_OPTIMIZATION_LEVEL = "-Onone";
				SWIFT_VERSION = 4.0;
				TARGETED_DEVICE_FAMILY = "1,2";
			};
			name = Debug;
		};
		6ABF93FD1E34640F0021463D /* Release */ = {
			isa = XCBuildConfiguration;
			baseConfigurationReference = CBAA041623C104E229479B3B /* Pods-iOS_3D_RecordPath-swift.release.xcconfig */;
			buildSettings = {
				ASSETCATALOG_COMPILER_APPICON_NAME = AppIcon;
				CLANG_ANALYZER_NONNULL = YES;
				CLANG_WARN_DOCUMENTATION_COMMENTS = YES;
				"CODE_SIGN_IDENTITY[sdk=iphoneos*]" = "iPhone Distribution";
				DEVELOPMENT_TEAM = YMJ372W38W;
				INFOPLIST_FILE = "iOS_3D_RecordPath-swift/Info.plist";
				IPHONEOS_DEPLOYMENT_TARGET = 8.0;
				LD_RUNPATH_SEARCH_PATHS = "$(inherited) @executable_path/Frameworks";
				PRODUCT_BUNDLE_IDENTIFIER = "com.autonavi.iOS-3D-RecordPath";
				PRODUCT_NAME = "$(TARGET_NAME)";
				PROVISIONING_PROFILE = "a892512d-fe94-4702-b716-0b66880b936d";
				PROVISIONING_PROFILE_SPECIFIER = openPlatformInhouse;
				SWIFT_OBJC_BRIDGING_HEADER = "$(TARGET_NAME)/Swift-Bridging-Header.h";
				SWIFT_OPTIMIZATION_LEVEL = "-Owholemodule";
				SWIFT_VERSION = 4.0;
				TARGETED_DEVICE_FAMILY = "1,2";
			};
			name = Release;
		};
		6AF14B181E2CBA47006075DF /* Debug */ = {
			isa = XCBuildConfiguration;
			buildSettings = {
				CLANG_ANALYZER_NONNULL = YES;
				CLANG_WARN_DOCUMENTATION_COMMENTS = YES;
				DEBUG_INFORMATION_FORMAT = dwarf;
				DEVELOPMENT_TEAM = YMJ372W38W;
				INFOPLIST_FILE = iOS_3D_RecordPathUITests/Info.plist;
				IPHONEOS_DEPLOYMENT_TARGET = 10.2;
				LD_RUNPATH_SEARCH_PATHS = "$(inherited) @executable_path/Frameworks @loader_path/Frameworks";
				PRODUCT_BUNDLE_IDENTIFIER = "com.autonavi.iOS-3D-RecordPathUITests";
				PRODUCT_NAME = "$(TARGET_NAME)";
				PROVISIONING_PROFILE = "9b821a78-8ad6-4cf7-b6b0-31b43df04bbe";
				PROVISIONING_PROFILE_SPECIFIER = openPlatform_development;
				TEST_TARGET_NAME = iOS_3D_RecordPath;
			};
			name = Debug;
		};
		6AF14B191E2CBA47006075DF /* Release */ = {
			isa = XCBuildConfiguration;
			buildSettings = {
				CLANG_ANALYZER_NONNULL = YES;
				CLANG_WARN_DOCUMENTATION_COMMENTS = YES;
				DEVELOPMENT_TEAM = YMJ372W38W;
				INFOPLIST_FILE = iOS_3D_RecordPathUITests/Info.plist;
				IPHONEOS_DEPLOYMENT_TARGET = 10.2;
				LD_RUNPATH_SEARCH_PATHS = "$(inherited) @executable_path/Frameworks @loader_path/Frameworks";
				PRODUCT_BUNDLE_IDENTIFIER = "com.autonavi.iOS-3D-RecordPathUITests";
				PRODUCT_NAME = "$(TARGET_NAME)";
				PROVISIONING_PROFILE = "9b821a78-8ad6-4cf7-b6b0-31b43df04bbe";
				PROVISIONING_PROFILE_SPECIFIER = openPlatform_development;
				TEST_TARGET_NAME = iOS_3D_RecordPath;
			};
			name = Release;
		};
		744F25691B945F950095CB4F /* Debug */ = {
			isa = XCBuildConfiguration;
			buildSettings = {
				ALWAYS_SEARCH_USER_PATHS = NO;
				CLANG_CXX_LANGUAGE_STANDARD = "gnu++0x";
				CLANG_CXX_LIBRARY = "libc++";
				CLANG_ENABLE_MODULES = YES;
				CLANG_ENABLE_OBJC_ARC = YES;
				CLANG_WARN_BOOL_CONVERSION = YES;
				CLANG_WARN_CONSTANT_CONVERSION = YES;
				CLANG_WARN_DIRECT_OBJC_ISA_USAGE = YES_ERROR;
				CLANG_WARN_EMPTY_BODY = YES;
				CLANG_WARN_ENUM_CONVERSION = YES;
				CLANG_WARN_INFINITE_RECURSION = YES;
				CLANG_WARN_INT_CONVERSION = YES;
				CLANG_WARN_OBJC_ROOT_CLASS = YES_ERROR;
				CLANG_WARN_SUSPICIOUS_MOVE = YES;
				CLANG_WARN_UNREACHABLE_CODE = YES;
				CLANG_WARN__DUPLICATE_METHOD_MATCH = YES;
				"CODE_SIGN_IDENTITY[sdk=iphoneos*]" = "iPhone Developer";
				COPY_PHASE_STRIP = NO;
				DEBUG_INFORMATION_FORMAT = "dwarf-with-dsym";
				ENABLE_STRICT_OBJC_MSGSEND = YES;
				ENABLE_TESTABILITY = YES;
				GCC_C_LANGUAGE_STANDARD = gnu99;
				GCC_DYNAMIC_NO_PIC = NO;
				GCC_NO_COMMON_BLOCKS = YES;
				GCC_OPTIMIZATION_LEVEL = 0;
				GCC_PREPROCESSOR_DEFINITIONS = (
					"DEBUG=1",
					"$(inherited)",
				);
				GCC_SYMBOLS_PRIVATE_EXTERN = NO;
				GCC_WARN_64_TO_32_BIT_CONVERSION = YES;
				GCC_WARN_ABOUT_RETURN_TYPE = YES_ERROR;
				GCC_WARN_UNDECLARED_SELECTOR = YES;
				GCC_WARN_UNINITIALIZED_AUTOS = YES_AGGRESSIVE;
				GCC_WARN_UNUSED_FUNCTION = YES;
				GCC_WARN_UNUSED_VARIABLE = YES;
				IPHONEOS_DEPLOYMENT_TARGET = 8.4;
				MTL_ENABLE_DEBUG_INFO = YES;
				ONLY_ACTIVE_ARCH = YES;
				SDKROOT = iphoneos;
			};
			name = Debug;
		};
		744F256A1B945F950095CB4F /* Release */ = {
			isa = XCBuildConfiguration;
			buildSettings = {
				ALWAYS_SEARCH_USER_PATHS = NO;
				CLANG_CXX_LANGUAGE_STANDARD = "gnu++0x";
				CLANG_CXX_LIBRARY = "libc++";
				CLANG_ENABLE_MODULES = YES;
				CLANG_ENABLE_OBJC_ARC = YES;
				CLANG_WARN_BOOL_CONVERSION = YES;
				CLANG_WARN_CONSTANT_CONVERSION = YES;
				CLANG_WARN_DIRECT_OBJC_ISA_USAGE = YES_ERROR;
				CLANG_WARN_EMPTY_BODY = YES;
				CLANG_WARN_ENUM_CONVERSION = YES;
				CLANG_WARN_INFINITE_RECURSION = YES;
				CLANG_WARN_INT_CONVERSION = YES;
				CLANG_WARN_OBJC_ROOT_CLASS = YES_ERROR;
				CLANG_WARN_SUSPICIOUS_MOVE = YES;
				CLANG_WARN_UNREACHABLE_CODE = YES;
				CLANG_WARN__DUPLICATE_METHOD_MATCH = YES;
				"CODE_SIGN_IDENTITY[sdk=iphoneos*]" = "iPhone Developer";
				COPY_PHASE_STRIP = NO;
				DEBUG_INFORMATION_FORMAT = "dwarf-with-dsym";
				ENABLE_NS_ASSERTIONS = NO;
				ENABLE_STRICT_OBJC_MSGSEND = YES;
				GCC_C_LANGUAGE_STANDARD = gnu99;
				GCC_NO_COMMON_BLOCKS = YES;
				GCC_WARN_64_TO_32_BIT_CONVERSION = YES;
				GCC_WARN_ABOUT_RETURN_TYPE = YES_ERROR;
				GCC_WARN_UNDECLARED_SELECTOR = YES;
				GCC_WARN_UNINITIALIZED_AUTOS = YES_AGGRESSIVE;
				GCC_WARN_UNUSED_FUNCTION = YES;
				GCC_WARN_UNUSED_VARIABLE = YES;
				IPHONEOS_DEPLOYMENT_TARGET = 8.4;
				MTL_ENABLE_DEBUG_INFO = NO;
				SDKROOT = iphoneos;
				VALIDATE_PRODUCT = YES;
			};
			name = Release;
		};
		744F256C1B945F950095CB4F /* Debug */ = {
			isa = XCBuildConfiguration;
			baseConfigurationReference = E710F864F98182D3E2DCDB7B /* Pods-iOS_3D_RecordPath.debug.xcconfig */;
			buildSettings = {
				ASSETCATALOG_COMPILER_APPICON_NAME = AppIcon;
				DEVELOPMENT_TEAM = YMJ372W38W;
				FRAMEWORK_SEARCH_PATHS = (
					"$(inherited)",
					"$(PROJECT_DIR)/iOS_3D_RecordPath",
				);
				INFOPLIST_FILE = iOS_3D_RecordPath/Info.plist;
				IPHONEOS_DEPLOYMENT_TARGET = 8.0;
				LD_RUNPATH_SEARCH_PATHS = "$(inherited) @executable_path/Frameworks";
				PRODUCT_BUNDLE_IDENTIFIER = "com.autonavi.iOS-3D-RecordPath";
				PRODUCT_NAME = "$(TARGET_NAME)";
				PROVISIONING_PROFILE = "d723e77c-6c92-4e6a-98d7-8717d0b88b87";
				PROVISIONING_PROFILE_SPECIFIER = openPlatform_development;
			};
			name = Debug;
		};
		744F256D1B945F950095CB4F /* Release */ = {
			isa = XCBuildConfiguration;
			baseConfigurationReference = B9AA142133BBB20AC8299981 /* Pods-iOS_3D_RecordPath.release.xcconfig */;
			buildSettings = {
				ASSETCATALOG_COMPILER_APPICON_NAME = AppIcon;
				"CODE_SIGN_IDENTITY[sdk=iphoneos*]" = "iPhone Distribution";
				DEVELOPMENT_TEAM = YMJ372W38W;
				FRAMEWORK_SEARCH_PATHS = (
					"$(inherited)",
					"$(PROJECT_DIR)/iOS_3D_RecordPath",
				);
				INFOPLIST_FILE = iOS_3D_RecordPath/Info.plist;
				IPHONEOS_DEPLOYMENT_TARGET = 8.0;
				LD_RUNPATH_SEARCH_PATHS = "$(inherited) @executable_path/Frameworks";
				PRODUCT_BUNDLE_IDENTIFIER = "com.autonavi.iOS-3D-RecordPath";
				PRODUCT_NAME = "$(TARGET_NAME)";
				PROVISIONING_PROFILE = "a892512d-fe94-4702-b716-0b66880b936d";
				PROVISIONING_PROFILE_SPECIFIER = openPlatformInhouse;
			};
			name = Release;
		};
/* End XCBuildConfiguration section */

/* Begin XCConfigurationList section */
		6ABF93FE1E34640F0021463D /* Build configuration list for PBXNativeTarget "iOS_3D_RecordPath-swift" */ = {
			isa = XCConfigurationList;
			buildConfigurations = (
				6ABF93FC1E34640F0021463D /* Debug */,
				6ABF93FD1E34640F0021463D /* Release */,
			);
			defaultConfigurationIsVisible = 0;
			defaultConfigurationName = Release;
		};
		6AF14B171E2CBA47006075DF /* Build configuration list for PBXNativeTarget "iOS_3D_RecordPathUITests" */ = {
			isa = XCConfigurationList;
			buildConfigurations = (
				6AF14B181E2CBA47006075DF /* Debug */,
				6AF14B191E2CBA47006075DF /* Release */,
			);
			defaultConfigurationIsVisible = 0;
			defaultConfigurationName = Release;
		};
		744F25431B945F950095CB4F /* Build configuration list for PBXProject "iOS_3D_RecordPath" */ = {
			isa = XCConfigurationList;
			buildConfigurations = (
				744F25691B945F950095CB4F /* Debug */,
				744F256A1B945F950095CB4F /* Release */,
			);
			defaultConfigurationIsVisible = 0;
			defaultConfigurationName = Release;
		};
		744F256B1B945F950095CB4F /* Build configuration list for PBXNativeTarget "iOS_3D_RecordPath" */ = {
			isa = XCConfigurationList;
			buildConfigurations = (
				744F256C1B945F950095CB4F /* Debug */,
				744F256D1B945F950095CB4F /* Release */,
			);
			defaultConfigurationIsVisible = 0;
			defaultConfigurationName = Release;
		};
/* End XCConfigurationList section */
	};
	rootObject = 744F25401B945F950095CB4F /* Project object */;
}
