PODS:
  - AMap3DMap (4.6.1):
    - AMapFoundation (~> 1.3)
  - AMapFoundation (1.3.3)

DEPENDENCIES:
  - AMap3DMap

SPEC CHECKSUMS:
  AMap3DMap: eb6656fb441ed7eb310b3c121032e947d4d649e5
  AMapFoundation: c086329a1f19afec00e4c197863665235eb43dc2

PODFILE CHECKSUM: 29cb66e3684e8721ab709c35e1a1594f19175415

COCOAPODS: 1.1.1
